{
  "name": "markdown-code",
  "version": "1.0.0",
  "lockfileVersion": 3,
  "requires": true,
  "packages": {
    "": {
      "name": "markdown-code",
      "version": "1.0.0",
      "license": "ISC",
      "dependencies": {
        "webchalk-animate": "file:../tarballs/webchalk-animate-0.31.0.tgz"
      },
      "devDependencies": {
        "typescript": "^5.8.3"
      }
    },
    "node_modules/typescript": {
      "version": "5.8.3",
      "resolved": "https://registry.npmjs.org/typescript/-/typescript-5.8.3.tgz",
      "integrity": "sha512-p1diW6TqL9L07nNxvRMM7hMMw4c5XOo/1ibL4aAIGmSAt9slTE1Xgw5KWuof2uTOvCg9BY7ZRi+GaF+7sfgPeQ==",
      "dev": true,
      "license": "Apache-2.0",
      "bin": {
        "tsc": "bin/tsc",
        "tsserver": "bin/tsserver"
      },
      "engines": {
        "node": ">=14.17"
      }
    },
    "node_modules/webchalk-animate": {
      "version": "0.31.0",
      "resolved": "file:../tarballs/webchalk-animate-0.31.0.tgz",
      "integrity": "sha512-FQrFx6skv96k1Dg6r7kE+uup0MbOM2SqH/PWBVLKzcPBPs80vVEQ/sLhKklZiAbrFsYWi0NOE79iU9cOAfJjyA==",
      "license": "ISC"
    }
  }
}
