{
  "name": "testing",
  "version": "1.0.0",
  "lockfileVersion": 2,
  "requires": true,
  "packages": {
    "": {
      "name": "testing",
      "version": "1.0.0",
      "license": "ISC",
      "dependencies": {
        "webchalk-animate": "file:../tarballs/webchalk-animate-0.27.0.tgz"
      },
      "devDependencies": {
        "typescript": "^5.5.3"
      }
    },
    "node_modules/typescript": {
      "version": "5.5.3",
      "resolved": "https://registry.npmjs.org/typescript/-/typescript-5.5.3.tgz",
      "integrity": "sha512-/hreyEujaB0w76zKo6717l3L0o/qEUtRgdvUBvlkhoWeOVMjMuHNHk0BRBzikzuGDqNmPQbg5ifMEqsHLiIUcQ==",
      "dev": true,
      "bin": {
        "tsc": "bin/tsc",
        "tsserver": "bin/tsserver"
      },
      "engines": {
        "node": ">=14.17"
      }
    },
    "node_modules/webchalk-animate": {
      "version": "0.27.0",
      "resolved": "file:../tarballs/webchalk-animate-0.27.0.tgz",
      "integrity": "sha512-iDQ8+nm6J+QtwK75x7EwsFU+jeekzZpoQeirL3zQYNXHU697gcX/SKb4mouq9mIwPdRUnz3wrgRzEuu/0zmo3Q==",
      "license": "ISC"
    }
  },
  "dependencies": {
    "typescript": {
      "version": "5.5.3",
      "resolved": "https://registry.npmjs.org/typescript/-/typescript-5.5.3.tgz",
      "integrity": "sha512-/hreyEujaB0w76zKo6717l3L0o/qEUtRgdvUBvlkhoWeOVMjMuHNHk0BRBzikzuGDqNmPQbg5ifMEqsHLiIUcQ==",
      "dev": true
    },
    "webchalk-animate": {
      "version": "file:..\\tarballs\\webchalk-animate-0.27.0.tgz",
      "integrity": "sha512-iDQ8+nm6J+QtwK75x7EwsFU+jeekzZpoQeirL3zQYNXHU697gcX/SKb4mouq9mIwPdRUnz3wrgRzEuu/0zmo3Q=="
    }
  }
}
