{
  "name": "testing",
  "version": "1.0.0",
  "lockfileVersion": 2,
  "requires": true,
  "packages": {
    "": {
      "name": "testing",
      "version": "1.0.0",
      "license": "ISC",
      "dependencies": {
        "webchalk-animate": "file:../tarballs/webchalk-animate-0.29.1.tgz"
      },
      "devDependencies": {
        "typescript": "^5.8.3"
      }
    },
    "node_modules/typescript": {
      "version": "5.8.3",
      "resolved": "https://registry.npmjs.org/typescript/-/typescript-5.8.3.tgz",
      "integrity": "sha512-p1diW6TqL9L07nNxvRMM7hMMw4c5XOo/1ibL4aAIGmSAt9slTE1Xgw5KWuof2uTOvCg9BY7ZRi+GaF+7sfgPeQ==",
      "dev": true,
      "license": "Apache-2.0",
      "bin": {
        "tsc": "bin/tsc",
        "tsserver": "bin/tsserver"
      },
      "engines": {
        "node": ">=14.17"
      }
    },
    "node_modules/webchalk-animate": {
      "version": "0.29.1",
      "resolved": "file:../tarballs/webchalk-animate-0.29.1.tgz",
      "integrity": "sha512-SQ1yw5QuZBMkiZxYYNSiKq7/Bo3tgH9q8tPcbKeFwtHyhdEqIx8QDOhMbLyhXBn20QaRfXNUL50tTVo4xPltbg==",
      "license": "ISC"
    }
  },
  "dependencies": {
    "typescript": {
      "version": "5.8.3",
      "resolved": "https://registry.npmjs.org/typescript/-/typescript-5.8.3.tgz",
      "integrity": "sha512-p1diW6TqL9L07nNxvRMM7hMMw4c5XOo/1ibL4aAIGmSAt9slTE1Xgw5KWuof2uTOvCg9BY7ZRi+GaF+7sfgPeQ==",
      "dev": true
    },
    "webchalk-animate": {
      "version": "file:..\\tarballs\\webchalk-animate-0.29.1.tgz",
      "integrity": "sha512-SQ1yw5QuZBMkiZxYYNSiKq7/Bo3tgH9q8tPcbKeFwtHyhdEqIx8QDOhMbLyhXBn20QaRfXNUL50tTVo4xPltbg=="
    }
  }
}
