{
  "name": "testing",
  "version": "1.0.0",
  "lockfileVersion": 2,
  "requires": true,
  "packages": {
    "": {
      "name": "testing",
      "version": "1.0.0",
      "license": "ISC",
      "dependencies": {
        "webimator": "file:../tarballs/webimator-0.17.5.tgz"
      },
      "devDependencies": {
        "typescript": "^5.5.3"
      }
    },
    "node_modules/typescript": {
      "version": "5.5.3",
      "resolved": "https://registry.npmjs.org/typescript/-/typescript-5.5.3.tgz",
      "integrity": "sha512-/hreyEujaB0w76zKo6717l3L0o/qEUtRgdvUBvlkhoWeOVMjMuHNHk0BRBzikzuGDqNmPQbg5ifMEqsHLiIUcQ==",
      "dev": true,
      "bin": {
        "tsc": "bin/tsc",
        "tsserver": "bin/tsserver"
      },
      "engines": {
        "node": ">=14.17"
      }
    },
    "node_modules/webimator": {
      "version": "0.17.5",
      "resolved": "file:../tarballs/webimator-0.17.5.tgz",
      "integrity": "sha512-XPuq+fnpVZomjN7KlixRRBTuoacGHcbyWJb8s+reomxW1ezlB/1b0oOaMwCpdVmIiSMsQ8B6VbNcELRNL/G87A==",
      "license": "ISC"
    }
  },
  "dependencies": {
    "typescript": {
      "version": "5.5.3",
      "resolved": "https://registry.npmjs.org/typescript/-/typescript-5.5.3.tgz",
      "integrity": "sha512-/hreyEujaB0w76zKo6717l3L0o/qEUtRgdvUBvlkhoWeOVMjMuHNHk0BRBzikzuGDqNmPQbg5ifMEqsHLiIUcQ==",
      "dev": true
    },
    "webimator": {
      "version": "file:..\\tarballs\\webimator-0.17.5.tgz",
      "integrity": "sha512-XPuq+fnpVZomjN7KlixRRBTuoacGHcbyWJb8s+reomxW1ezlB/1b0oOaMwCpdVmIiSMsQ8B6VbNcELRNL/G87A=="
    }
  }
}
